// !$*UTF8*$!
{
	archiveVersion = 1;
	classes = {
	};
	objectVersion = 46;
	objects = {

/* Begin PBXBuildFile section */
		7CEF78C81A703C4B00A53DED /* main.m in Sources */ = {isa = PBXBuildFile; fileRef = 7CEF78C71A703C4B00A53DED /* main.m */; };
		7CEF78CB1A703C4B00A53DED /* AppDelegate.m in Sources */ = {isa = PBXBuildFile; fileRef = 7CEF78CA1A703C4B00A53DED /* AppDelegate.m */; };
		7CEF78CE1A703C4B00A53DED /* ViewController.m in Sources */ = {isa = PBXBuildFile; fileRef = 7CEF78CD1A703C4B00A53DED /* ViewController.m */; };
		7CEF78D31A703C4B00A53DED /* Images.xcassets in Resources */ = {isa = PBXBuildFile; fileRef = 7CEF78D21A703C4B00A53DED /* Images.xcassets */; };
		7CEF78D61A703C4B00A53DED /* LaunchScreen.xib in Resources */ = {isa = PBXBuildFile; fileRef = 7CEF78D41A703C4B00A53DED /* LaunchScreen.xib */; };
		7CEF78E21A703C4B00A53DED /* TwitterBombTests.m in Sources */ = {isa = PBXBuildFile; fileRef = 7CEF78E11A703C4B00A53DED /* TwitterBombTests.m */; };
		7CEF78EF1A703E6F00A53DED /* TwitterKit.framework in Frameworks */ = {isa = PBXBuildFile; fileRef = 7CEF78EC1A703E6F00A53DED /* TwitterKit.framework */; };
		7CEF78F01A703E6F00A53DED /* TwitterKitResources.bundle in Resources */ = {isa = PBXBuildFile; fileRef = 7CEF78ED1A703E6F00A53DED /* TwitterKitResources.bundle */; };
		7CEF78F11A703E6F00A53DED /* Fabric.framework in Frameworks */ = {isa = PBXBuildFile; fileRef = 7CEF78EE1A703E6F00A53DED /* Fabric.framework */; };
/* End PBXBuildFile section */

/* Begin PBXContainerItemProxy section */
		7CEF78DC1A703C4B00A53DED /* PBXContainerItemProxy */ = {
			isa = PBXContainerItemProxy;
			containerPortal = 7CEF78BA1A703C4B00A53DED /* Project object */;
			proxyType = 1;
			remoteGlobalIDString = 7CEF78C11A703C4B00A53DED;
			remoteInfo = TwitterBomb;
		};
/* End PBXContainerItemProxy section */

/* Begin PBXFileReference section */
		7CEF78C21A703C4B00A53DED /* TwitterBomb.app */ = {isa = PBXFileReference; explicitFileType = wrapper.application; includeInIndex = 0; path = TwitterBomb.app; sourceTree = BUILT_PRODUCTS_DIR; };
		7CEF78C61A703C4B00A53DED /* Info.plist */ = {isa = PBXFileReference; lastKnownFileType = text.plist.xml; path = Info.plist; sourceTree = "<group>"; };
		7CEF78C71A703C4B00A53DED /* main.m */ = {isa = PBXFileReference; lastKnownFileType = sourcecode.c.objc; path = main.m; sourceTree = "<group>"; };
		7CEF78C91A703C4B00A53DED /* AppDelegate.h */ = {isa = PBXFileReference; lastKnownFileType = sourcecode.c.h; path = AppDelegate.h; sourceTree = "<group>"; };
		7CEF78CA1A703C4B00A53DED /* AppDelegate.m */ = {isa = PBXFileReference; lastKnownFileType = sourcecode.c.objc; path = AppDelegate.m; sourceTree = "<group>"; };
		7CEF78CC1A703C4B00A53DED /* ViewController.h */ = {isa = PBXFileReference; lastKnownFileType = sourcecode.c.h; path = ViewController.h; sourceTree = "<group>"; };
		7CEF78CD1A703C4B00A53DED /* ViewController.m */ = {isa = PBXFileReference; lastKnownFileType = sourcecode.c.objc; path = ViewController.m; sourceTree = "<group>"; };
		7CEF78D21A703C4B00A53DED /* Images.xcassets */ = {isa = PBXFileReference; lastKnownFileType = folder.assetcatalog; path = Images.xcassets; sourceTree = "<group>"; };
		7CEF78D51A703C4B00A53DED /* Base */ = {isa = PBXFileReference; lastKnownFileType = file.xib; name = Base; path = Base.lproj/LaunchScreen.xib; sourceTree = "<group>"; };
		7CEF78DB1A703C4B00A53DED /* TwitterBombTests.xctest */ = {isa = PBXFileReference; explicitFileType = wrapper.cfbundle; includeInIndex = 0; path = TwitterBombTests.xctest; sourceTree = BUILT_PRODUCTS_DIR; };
		7CEF78E01A703C4B00A53DED /* Info.plist */ = {isa = PBXFileReference; lastKnownFileType = text.plist.xml; path = Info.plist; sourceTree = "<group>"; };
		7CEF78E11A703C4B00A53DED /* TwitterBombTests.m */ = {isa = PBXFileReference; lastKnownFileType = sourcecode.c.objc; path = TwitterBombTests.m; sourceTree = "<group>"; };
		7CEF78EC1A703E6F00A53DED /* TwitterKit.framework */ = {isa = PBXFileReference; lastKnownFileType = wrapper.framework; path = TwitterKit.framework; sourceTree = "<group>"; };
		7CEF78ED1A703E6F00A53DED /* TwitterKitResources.bundle */ = {isa = PBXFileReference; lastKnownFileType = "wrapper.plug-in"; name = TwitterKitResources.bundle; path = TwitterKit.framework/Versions/A/Resources/TwitterKitResources.bundle; sourceTree = "<group>"; };
		7CEF78EE1A703E6F00A53DED /* Fabric.framework */ = {isa = PBXFileReference; lastKnownFileType = wrapper.framework; path = Fabric.framework; sourceTree = "<group>"; };
/* End PBXFileReference section */

/* Begin PBXFrameworksBuildPhase section */
		7CEF78BF1A703C4B00A53DED /* Frameworks */ = {
			isa = PBXFrameworksBuildPhase;
			buildActionMask = 2147483647;
			files = (
				7CEF78EF1A703E6F00A53DED /* TwitterKit.framework in Frameworks */,
				7CEF78F11A703E6F00A53DED /* Fabric.framework in Frameworks */,
			);
			runOnlyForDeploymentPostprocessing = 0;
		};
		7CEF78D81A703C4B00A53DED /* Frameworks */ = {
			isa = PBXFrameworksBuildPhase;
			buildActionMask = 2147483647;
			files = (
			);
			runOnlyForDeploymentPostprocessing = 0;
		};
/* End PBXFrameworksBuildPhase section */

/* Begin PBXGroup section */
		7CEF78B91A703C4B00A53DED = {
			isa = PBXGroup;
			children = (
				7CEF78C41A703C4B00A53DED /* TwitterBomb */,
				7CEF78DE1A703C4B00A53DED /* TwitterBombTests */,
				7CEF78C31A703C4B00A53DED /* Products */,
				7CEF78F21A703E8D00A53DED /* Frameworks */,
			);
			sourceTree = "<group>";
		};
		7CEF78C31A703C4B00A53DED /* Products */ = {
			isa = PBXGroup;
			children = (
				7CEF78C21A703C4B00A53DED /* TwitterBomb.app */,
				7CEF78DB1A703C4B00A53DED /* TwitterBombTests.xctest */,
			);
			name = Products;
			sourceTree = "<group>";
		};
		7CEF78C41A703C4B00A53DED /* TwitterBomb */ = {
			isa = PBXGroup;
			children = (
				7CEF78C91A703C4B00A53DED /* AppDelegate.h */,
				7CEF78CA1A703C4B00A53DED /* AppDelegate.m */,
				7CEF78CC1A703C4B00A53DED /* ViewController.h */,
				7CEF78CD1A703C4B00A53DED /* ViewController.m */,
				7CEF78D21A703C4B00A53DED /* Images.xcassets */,
				7CEF78D41A703C4B00A53DED /* LaunchScreen.xib */,
				7CEF78C51A703C4B00A53DED /* Supporting Files */,
			);
			path = TwitterBomb;
			sourceTree = "<group>";
		};
		7CEF78C51A703C4B00A53DED /* Supporting Files */ = {
			isa = PBXGroup;
			children = (
				7CEF78C61A703C4B00A53DED /* Info.plist */,
				7CEF78C71A703C4B00A53DED /* main.m */,
			);
			name = "Supporting Files";
			sourceTree = "<group>";
		};
		7CEF78DE1A703C4B00A53DED /* TwitterBombTests */ = {
			isa = PBXGroup;
			children = (
				7CEF78E11A703C4B00A53DED /* TwitterBombTests.m */,
				7CEF78DF1A703C4B00A53DED /* Supporting Files */,
			);
			path = TwitterBombTests;
			sourceTree = "<group>";
		};
		7CEF78DF1A703C4B00A53DED /* Supporting Files */ = {
			isa = PBXGroup;
			children = (
				7CEF78E01A703C4B00A53DED /* Info.plist */,
			);
			name = "Supporting Files";
			sourceTree = "<group>";
		};
		7CEF78F21A703E8D00A53DED /* Frameworks */ = {
			isa = PBXGroup;
			children = (
				7CEF78ED1A703E6F00A53DED /* TwitterKitResources.bundle */,
				7CEF78EE1A703E6F00A53DED /* Fabric.framework */,
				7CEF78EC1A703E6F00A53DED /* TwitterKit.framework */,
			);
			name = Frameworks;
			sourceTree = "<group>";
		};
/* End PBXGroup section */

/* Begin PBXNativeTarget section */
		7CEF78C11A703C4B00A53DED /* TwitterBomb */ = {
			isa = PBXNativeTarget;
			buildConfigurationList = 7CEF78E51A703C4B00A53DED /* Build configuration list for PBXNativeTarget "TwitterBomb" */;
			buildPhases = (
				7CEF78BE1A703C4B00A53DED /* Sources */,
				7CEF78BF1A703C4B00A53DED /* Frameworks */,
				7CEF78C01A703C4B00A53DED /* Resources */,
				7CEF78EB1A703DF100A53DED /* ShellScript */,
			);
			buildRules = (
			);
			dependencies = (
			);
			name = TwitterBomb;
			productName = TwitterBomb;
			productReference = 7CEF78C21A703C4B00A53DED /* TwitterBomb.app */;
			productType = "com.apple.product-type.application";
		};
		7CEF78DA1A703C4B00A53DED /* TwitterBombTests */ = {
			isa = PBXNativeTarget;
			buildConfigurationList = 7CEF78E81A703C4B00A53DED /* Build configuration list for PBXNativeTarget "TwitterBombTests" */;
			buildPhases = (
				7CEF78D71A703C4B00A53DED /* Sources */,
				7CEF78D81A703C4B00A53DED /* Frameworks */,
				7CEF78D91A703C4B00A53DED /* Resources */,
			);
			buildRules = (
			);
			dependencies = (
				7CEF78DD1A703C4B00A53DED /* PBXTargetDependency */,
			);
			name = TwitterBombTests;
			productName = TwitterBombTests;
			productReference = 7CEF78DB1A703C4B00A53DED /* TwitterBombTests.xctest */;
			productType = "com.apple.product-type.bundle.unit-test";
		};
/* End PBXNativeTarget section */

/* Begin PBXProject section */
		7CEF78BA1A703C4B00A53DED /* Project object */ = {
			isa = PBXProject;
			attributes = {
				LastUpgradeCheck = 0610;
				ORGANIZATIONNAME = "Giving Tree";
				TargetAttributes = {
					7CEF78C11A703C4B00A53DED = {
						CreatedOnToolsVersion = 6.1.1;
					};
					7CEF78DA1A703C4B00A53DED = {
						CreatedOnToolsVersion = 6.1.1;
						TestTargetID = 7CEF78C11A703C4B00A53DED;
					};
				};
			};
			buildConfigurationList = 7CEF78BD1A703C4B00A53DED /* Build configuration list for PBXProject "TwitterBomb" */;
			compatibilityVersion = "Xcode 3.2";
			developmentRegion = English;
			hasScannedForEncodings = 0;
			knownRegions = (
				en,
				Base,
			);
			mainGroup = 7CEF78B91A703C4B00A53DED;
			productRefGroup = 7CEF78C31A703C4B00A53DED /* Products */;
			projectDirPath = "";
			projectRoot = "";
			targets = (
				7CEF78C11A703C4B00A53DED /* TwitterBomb */,
				7CEF78DA1A703C4B00A53DED /* TwitterBombTests */,
			);
		};
/* End PBXProject section */

/* Begin PBXResourcesBuildPhase section */
		7CEF78C01A703C4B00A53DED /* Resources */ = {
			isa = PBXResourcesBuildPhase;
			buildActionMask = 2147483647;
			files = (
				7CEF78D61A703C4B00A53DED /* LaunchScreen.xib in Resources */,
				7CEF78F01A703E6F00A53DED /* TwitterKitResources.bundle in Resources */,
				7CEF78D31A703C4B00A53DED /* Images.xcassets in Resources */,
			);
			runOnlyForDeploymentPostprocessing = 0;
		};
		7CEF78D91A703C4B00A53DED /* Resources */ = {
			isa = PBXResourcesBuildPhase;
			buildActionMask = 2147483647;
			files = (
			);
			runOnlyForDeploymentPostprocessing = 0;
		};
/* End PBXResourcesBuildPhase section */

/* Begin PBXShellScriptBuildPhase section */
		7CEF78EB1A703DF100A53DED /* ShellScript */ = {
			isa = PBXShellScriptBuildPhase;
			buildActionMask = 2147483647;
			files = (
			);
			inputPaths = (
			);
			outputPaths = (
			);
			runOnlyForDeploymentPostprocessing = 0;
			shellPath = /bin/sh;
			shellScript = "./Fabric.framework/run 452c021dc4d1124cc1e7b24fe50fe49685abb235 54603342a536c9acabc9469612288953b39cb056f59d902200f00dfd5048d0a4";
		};
/* End PBXShellScriptBuildPhase section */

/* Begin PBXSourcesBuildPhase section */
		7CEF78BE1A703C4B00A53DED /* Sources */ = {
			isa = PBXSourcesBuildPhase;
			buildActionMask = 2147483647;
			files = (
				7CEF78CE1A703C4B00A53DED /* ViewController.m in Sources */,
				7CEF78CB1A703C4B00A53DED /* AppDelegate.m in Sources */,
				7CEF78C81A703C4B00A53DED /* main.m in Sources */,
			);
			runOnlyForDeploymentPostprocessing = 0;
		};
		7CEF78D71A703C4B00A53DED /* Sources */ = {
			isa = PBXSourcesBuildPhase;
			buildActionMask = 2147483647;
			files = (
				7CEF78E21A703C4B00A53DED /* TwitterBombTests.m in Sources */,
			);
			runOnlyForDeploymentPostprocessing = 0;
		};
/* End PBXSourcesBuildPhase section */

/* Begin PBXTargetDependency section */
		7CEF78DD1A703C4B00A53DED /* PBXTargetDependency */ = {
			isa = PBXTargetDependency;
			target = 7CEF78C11A703C4B00A53DED /* TwitterBomb */;
			targetProxy = 7CEF78DC1A703C4B00A53DED /* PBXContainerItemProxy */;
		};
/* End PBXTargetDependency section */

/* Begin PBXVariantGroup section */
		7CEF78D41A703C4B00A53DED /* LaunchScreen.xib */ = {
			isa = PBXVariantGroup;
			children = (
				7CEF78D51A703C4B00A53DED /* Base */,
			);
			name = LaunchScreen.xib;
			sourceTree = "<group>";
		};
/* End PBXVariantGroup section */

/* Begin XCBuildConfiguration section */
		7CEF78E31A703C4B00A53DED /* Debug */ = {
			isa = XCBuildConfiguration;
			buildSettings = {
				ALWAYS_SEARCH_USER_PATHS = NO;
				CLANG_CXX_LANGUAGE_STANDARD = "gnu++0x";
				CLANG_CXX_LIBRARY = "libc++";
				CLANG_ENABLE_MODULES = YES;
				CLANG_ENABLE_OBJC_ARC = YES;
				CLANG_WARN_BOOL_CONVERSION = YES;
				CLANG_WARN_CONSTANT_CONVERSION = YES;
				CLANG_WARN_DIRECT_OBJC_ISA_USAGE = YES_ERROR;
				CLANG_WARN_EMPTY_BODY = YES;
				CLANG_WARN_ENUM_CONVERSION = YES;
				CLANG_WARN_INT_CONVERSION = YES;
				CLANG_WARN_OBJC_ROOT_CLASS = YES_ERROR;
				CLANG_WARN_UNREACHABLE_CODE = YES;
				CLANG_WARN__DUPLICATE_METHOD_MATCH = YES;
				"CODE_SIGN_IDENTITY[sdk=iphoneos*]" = "iPhone Developer";
				COPY_PHASE_STRIP = NO;
				ENABLE_STRICT_OBJC_MSGSEND = YES;
				GCC_C_LANGUAGE_STANDARD = gnu99;
				GCC_DYNAMIC_NO_PIC = NO;
				GCC_OPTIMIZATION_LEVEL = 0;
				GCC_PREPROCESSOR_DEFINITIONS = (
					"DEBUG=1",
					"$(inherited)",
				);
				GCC_SYMBOLS_PRIVATE_EXTERN = NO;
				GCC_WARN_64_TO_32_BIT_CONVERSION = YES;
				GCC_WARN_ABOUT_RETURN_TYPE = YES_ERROR;
				GCC_WARN_UNDECLARED_SELECTOR = YES;
				GCC_WARN_UNINITIALIZED_AUTOS = YES_AGGRESSIVE;
				GCC_WARN_UNUSED_FUNCTION = YES;
				GCC_WARN_UNUSED_VARIABLE = YES;
				IPHONEOS_DEPLOYMENT_TARGET = 8.1;
				MTL_ENABLE_DEBUG_INFO = YES;
				ONLY_ACTIVE_ARCH = YES;
				SDKROOT = iphoneos;
			};
			name = Debug;
		};
		7CEF78E41A703C4B00A53DED /* Release */ = {
			isa = XCBuildConfiguration;
			buildSettings = {
				ALWAYS_SEARCH_USER_PATHS = NO;
				CLANG_CXX_LANGUAGE_STANDARD = "gnu++0x";
				CLANG_CXX_LIBRARY = "libc++";
				CLANG_ENABLE_MODULES = YES;
				CLANG_ENABLE_OBJC_ARC = YES;
				CLANG_WARN_BOOL_CONVERSION = YES;
				CLANG_WARN_CONSTANT_CONVERSION = YES;
				CLANG_WARN_DIRECT_OBJC_ISA_USAGE = YES_ERROR;
				CLANG_WARN_EMPTY_BODY = YES;
				CLANG_WARN_ENUM_CONVERSION = YES;
				CLANG_WARN_INT_CONVERSION = YES;
				CLANG_WARN_OBJC_ROOT_CLASS = YES_ERROR;
				CLANG_WARN_UNREACHABLE_CODE = YES;
				CLANG_WARN__DUPLICATE_METHOD_MATCH = YES;
				"CODE_SIGN_IDENTITY[sdk=iphoneos*]" = "iPhone Developer";
				COPY_PHASE_STRIP = YES;
				ENABLE_NS_ASSERTIONS = NO;
				ENABLE_STRICT_OBJC_MSGSEND = YES;
				GCC_C_LANGUAGE_STANDARD = gnu99;
				GCC_WARN_64_TO_32_BIT_CONVERSION = YES;
				GCC_WARN_ABOUT_RETURN_TYPE = YES_ERROR;
				GCC_WARN_UNDECLARED_SELECTOR = YES;
				GCC_WARN_UNINITIALIZED_AUTOS = YES_AGGRESSIVE;
				GCC_WARN_UNUSED_FUNCTION = YES;
				GCC_WARN_UNUSED_VARIABLE = YES;
				IPHONEOS_DEPLOYMENT_TARGET = 8.1;
				MTL_ENABLE_DEBUG_INFO = NO;
				SDKROOT = iphoneos;
				VALIDATE_PRODUCT = YES;
			};
			name = Release;
		};
		7CEF78E61A703C4B00A53DED /* Debug */ = {
			isa = XCBuildConfiguration;
			buildSettings = {
				ASSETCATALOG_COMPILER_APPICON_NAME = AppIcon;
				FRAMEWORK_SEARCH_PATHS = (
					"$(inherited)",
					"$(PROJECT_DIR)",
				);
				INFOPLIST_FILE = TwitterBomb/Info.plist;
				LD_RUNPATH_SEARCH_PATHS = "$(inherited) @executable_path/Frameworks";
				PRODUCT_NAME = "$(TARGET_NAME)";
			};
			name = Debug;
		};
		7CEF78E71A703C4B00A53DED /* Release */ = {
			isa = XCBuildConfiguration;
			buildSettings = {
				ASSETCATALOG_COMPILER_APPICON_NAME = AppIcon;
				FRAMEWORK_SEARCH_PATHS = (
					"$(inherited)",
					"$(PROJECT_DIR)",
				);
				INFOPLIST_FILE = TwitterBomb/Info.plist;
				LD_RUNPATH_SEARCH_PATHS = "$(inherited) @executable_path/Frameworks";
				PRODUCT_NAME = "$(TARGET_NAME)";
			};
			name = Release;
		};
		7CEF78E91A703C4B00A53DED /* Debug */ = {
			isa = XCBuildConfiguration;
			buildSettings = {
				BUNDLE_LOADER = "$(TEST_HOST)";
				FRAMEWORK_SEARCH_PATHS = (
					"$(SDKROOT)/Developer/Library/Frameworks",
					"$(inherited)",
				);
				GCC_PREPROCESSOR_DEFINITIONS = (
					"DEBUG=1",
					"$(inherited)",
				);
				INFOPLIST_FILE = TwitterBombTests/Info.plist;
				LD_RUNPATH_SEARCH_PATHS = "$(inherited) @executable_path/Frameworks @loader_path/Frameworks";
				PRODUCT_NAME = "$(TARGET_NAME)";
				TEST_HOST = "$(BUILT_PRODUCTS_DIR)/TwitterBomb.app/TwitterBomb";
			};
			name = Debug;
		};
		7CEF78EA1A703C4B00A53DED /* Release */ = {
			isa = XCBuildConfiguration;
			buildSettings = {
				BUNDLE_LOADER = "$(TEST_HOST)";
				FRAMEWORK_SEARCH_PATHS = (
					"$(SDKROOT)/Developer/Library/Frameworks",
					"$(inherited)",
				);
				INFOPLIST_FILE = TwitterBombTests/Info.plist;
				LD_RUNPATH_SEARCH_PATHS = "$(inherited) @executable_path/Frameworks @loader_path/Frameworks";
				PRODUCT_NAME = "$(TARGET_NAME)";
				TEST_HOST = "$(BUILT_PRODUCTS_DIR)/TwitterBomb.app/TwitterBomb";
			};
			name = Release;
		};
/* End XCBuildConfiguration section */

/* Begin XCConfigurationList section */
		7CEF78BD1A703C4B00A53DED /* Build configuration list for PBXProject "TwitterBomb" */ = {
			isa = XCConfigurationList;
			buildConfigurations = (
				7CEF78E31A703C4B00A53DED /* Debug */,
				7CEF78E41A703C4B00A53DED /* Release */,
			);
			defaultConfigurationIsVisible = 0;
			defaultConfigurationName = Release;
		};
		7CEF78E51A703C4B00A53DED /* Build configuration list for PBXNativeTarget "TwitterBomb" */ = {
			isa = XCConfigurationList;
			buildConfigurations = (
				7CEF78E61A703C4B00A53DED /* Debug */,
				7CEF78E71A703C4B00A53DED /* Release */,
			);
			defaultConfigurationIsVisible = 0;
		};
		7CEF78E81A703C4B00A53DED /* Build configuration list for PBXNativeTarget "TwitterBombTests" */ = {
			isa = XCConfigurationList;
			buildConfigurations = (
				7CEF78E91A703C4B00A53DED /* Debug */,
				7CEF78EA1A703C4B00A53DED /* Release */,
			);
			defaultConfigurationIsVisible = 0;
		};
/* End XCConfigurationList section */
	};
	rootObject = 7CEF78BA1A703C4B00A53DED /* Project object */;
}
